
Microsoft Visual Studio Solution File, Format Version 12.00
# Visual Studio Version 17
VisualStudioVersion = 17.5.33516.290
MinimumVisualStudioVersion = 10.0.40219.1
Project("{FAE04EC0-301F-11D3-BF4B-00C04F79EFBC}") = "Fuel.Api", "Fuel.Api\Fuel.Api.csproj", "{8E8A4311-A86E-4FBB-9B51-012DA142EA73}"
EndProject
Global
	GlobalSection(SolutionConfigurationPlatforms) = preSolution
		Debug|Any CPU = Debug|Any CPU
		Release|Any CPU = Release|Any CPU
	EndGlobalSection
	GlobalSection(ProjectConfigurationPlatforms) = postSolution
		{8E8A4311-A86E-4FBB-9B51-012DA142EA73}.Debug|Any CPU.ActiveCfg = Debug|Any CPU
		{8E8A4311-A86E-4FBB-9B51-012DA142EA73}.Debug|Any CPU.Build.0 = Debug|Any CPU
		{8E8A4311-A86E-4FBB-9B51-012DA142EA73}.Release|Any CPU.ActiveCfg = Release|Any CPU
		{8E8A4311-A86E-4FBB-9B51-012DA142EA73}.Release|Any CPU.Build.0 = Release|Any CPU
	EndGlobalSection
	GlobalSection(SolutionProperties) = preSolution
		HideSolutionNode = FALSE
	EndGlobalSection
	GlobalSection(ExtensibilityGlobals) = postSolution
		SolutionGuid = {E96A2928-784E-4AC4-A5F5-3FB0934E144D}
	EndGlobalSection
EndGlobal
