
Microsoft Visual Studio Solution File, Format Version 12.00
# Visual Studio Version 17
VisualStudioVersion = 17.5.33516.290
MinimumVisualStudioVersion = 10.0.40219.1
Project("{9A19103F-16F7-4668-BE54-9A1E7A4F7556}") = "Auth-Api", "Auth-Api\Auth-Api.csproj", "{EB061BAA-0996-4DD5-8858-054CEFA7EC26}"
EndProject
Project("{9A19103F-16F7-4668-BE54-9A1E7A4F7556}") = "Auth.DAL", "Auth.DAL\Auth.DAL.csproj", "{B1062D53-A011-4E78-9D6A-BB6DEB384A95}"
EndProject
Project("{9A19103F-16F7-4668-BE54-9A1E7A4F7556}") = "Auth.Infrastructure", "Auth.Infrastructure\Auth.Infrastructure.csproj", "{29DBE589-0DBA-4689-B72C-8300EDE866B1}"
EndProject
Project("{2150E333-8FDC-42A3-9474-1A3956D46DE8}") = "Solution Items", "Solution Items", "{58F06AE6-735D-4877-A730-709C18FC8F00}"
	ProjectSection(SolutionItems) = preProject
		Dockerfile = Dockerfile
	EndProjectSection
EndProject
Global
	GlobalSection(SolutionConfigurationPlatforms) = preSolution
		Debug|Any CPU = Debug|Any CPU
		Release|Any CPU = Release|Any CPU
	EndGlobalSection
	GlobalSection(ProjectConfigurationPlatforms) = postSolution
		{EB061BAA-0996-4DD5-8858-054CEFA7EC26}.Debug|Any CPU.ActiveCfg = Debug|Any CPU
		{EB061BAA-0996-4DD5-8858-054CEFA7EC26}.Debug|Any CPU.Build.0 = Debug|Any CPU
		{EB061BAA-0996-4DD5-8858-054CEFA7EC26}.Release|Any CPU.ActiveCfg = Release|Any CPU
		{EB061BAA-0996-4DD5-8858-054CEFA7EC26}.Release|Any CPU.Build.0 = Release|Any CPU
		{B1062D53-A011-4E78-9D6A-BB6DEB384A95}.Debug|Any CPU.ActiveCfg = Debug|Any CPU
		{B1062D53-A011-4E78-9D6A-BB6DEB384A95}.Debug|Any CPU.Build.0 = Debug|Any CPU
		{B1062D53-A011-4E78-9D6A-BB6DEB384A95}.Release|Any CPU.ActiveCfg = Release|Any CPU
		{B1062D53-A011-4E78-9D6A-BB6DEB384A95}.Release|Any CPU.Build.0 = Release|Any CPU
		{29DBE589-0DBA-4689-B72C-8300EDE866B1}.Debug|Any CPU.ActiveCfg = Debug|Any CPU
		{29DBE589-0DBA-4689-B72C-8300EDE866B1}.Debug|Any CPU.Build.0 = Debug|Any CPU
		{29DBE589-0DBA-4689-B72C-8300EDE866B1}.Release|Any CPU.ActiveCfg = Release|Any CPU
		{29DBE589-0DBA-4689-B72C-8300EDE866B1}.Release|Any CPU.Build.0 = Release|Any CPU
	EndGlobalSection
	GlobalSection(SolutionProperties) = preSolution
		HideSolutionNode = FALSE
	EndGlobalSection
	GlobalSection(ExtensibilityGlobals) = postSolution
		SolutionGuid = {B40B915F-2BAC-4057-AD67-7F7715351D39}
	EndGlobalSection
EndGlobal
